lockfileVersion: '9.0'

settings:
  autoInstallPeers: true
  excludeLinksFromLockfile: false

importers:
  .:
    dependencies:
      cbor2:
        specifier: 2.3.0
        version: 2.3.0
    devDependencies:
      '@types/node':
        specifier: 25.5.0
        version: 25.5.0
      typescript:
        specifier: 5.9.2
        version: 5.9.2

packages:
  '@cto.af/wtf8@0.0.5':
    resolution: {integrity: sha512-LfUFi+Vv4eDzj+XAtR89e3wwjXA/NZjUSwU5NhwbBrLecxPaBYFy3exCuc1j+D4UZeOVdqlsl8G7LmOt18V0tg==}
    engines: {node: '>=20'}
  '@types/node@25.5.0':
    resolution: {integrity: sha512-jp2P3tQMSxWugkCUKLRPVUpGaL5MVFwF8RDuSRztfwgN1wmqJeMSbKlnEtQqU8UrhTmzEmZdu2I6v2dpp7XIxw==}
  cbor2@2.3.0:
    resolution: {integrity: sha512-76WB3hq8BoaGkMkBVJ27fW5LJU+qqDLEpgRNCG/SYKhODWXpVPOTD4UcUto3IEzYLA52nsvbhb0wabhHDn3qXg==}
    engines: {node: '>=20'}
  typescript@5.9.2:
    resolution: {integrity: sha512-CWBzXQrc/qOkhidw1OzBTQuYRbfyxDXJMVJ1XNwUHGROVmuaeiEm3OslpZ1RV96d7SKKjZKrSJu3+t/xlw3R9A==}
    engines: {node: '>=14.17'}
    hasBin: true
  undici-types@7.18.2:
    resolution: {integrity: sha512-AsuCzffGHJybSaRrmr5eHr81mwJU3kjw6M+uprWvCXiNeN9SOGwQ3Jn8jb8m3Z6izVgknn1R0FTCEAP2QrLY/w==}

snapshots:
  '@cto.af/wtf8@0.0.5': {}
  '@types/node@25.5.0':
    dependencies:
      undici-types: 7.18.2
  cbor2@2.3.0:
    dependencies:
      '@cto.af/wtf8': 0.0.5
  typescript@5.9.2: {}
  undici-types@7.18.2: {}
